
Microsoft Visual Studio Solution File, Format Version 12.00
# Visual Studio 15
VisualStudioVersion = 15.0.28010.2003
MinimumVisualStudioVersion = 10.0.40219.1
Project("{FAE04EC0-301F-11D3-BF4B-00C04F79EFBC}") = "NewChapter", "NewChapter\NewChapter.csproj", "{BE6403F5-D15B-4ABA-860E-F1507F7C529D}"
EndProject
Global
	GlobalSection(SolutionConfigurationPlatforms) = preSolution
		Debug|Any CPU = Debug|Any CPU
		Release|Any CPU = Release|Any CPU
	EndGlobalSection
	GlobalSection(ProjectConfigurationPlatforms) = postSolution
		{BE6403F5-D15B-4ABA-860E-F1507F7C529D}.Debug|Any CPU.ActiveCfg = Debug|Any CPU
		{BE6403F5-D15B-4ABA-860E-F1507F7C529D}.Debug|Any CPU.Build.0 = Debug|Any CPU
		{BE6403F5-D15B-4ABA-860E-F1507F7C529D}.Release|Any CPU.ActiveCfg = Release|Any CPU
		{BE6403F5-D15B-4ABA-860E-F1507F7C529D}.Release|Any CPU.Build.0 = Release|Any CPU
	EndGlobalSection
	GlobalSection(SolutionProperties) = preSolution
		HideSolutionNode = FALSE
	EndGlobalSection
	GlobalSection(ExtensibilityGlobals) = postSolution
		SolutionGuid = {58095CDA-249E-4E29-88E8-D7685E9CFC8C}
	EndGlobalSection
EndGlobal
